
Microsoft Visual Studio Solution File, Format Version 12.00
# Visual Studio Version 16
VisualStudioVersion = 16.0.30104.148
MinimumVisualStudioVersion = 10.0.40219.1
Project("{FAE04EC0-301F-11D3-BF4B-00C04F79EFBC}") = "nes_emu", "nes_emu.csproj", "{822F0702-2CCD-4AFE-B4E1-76CDCD1C5909}"
EndProject
Project("{FAE04EC0-301F-11D3-BF4B-00C04F79EFBC}") = "Components", "..\Components\Components.csproj", "{04288EA6-077D-4250-B4C3-7A0137264E5F}"
EndProject
Global
	GlobalSection(SolutionConfigurationPlatforms) = preSolution
		Debug|Any CPU = Debug|Any CPU
		Release|Any CPU = Release|Any CPU
	EndGlobalSection
	GlobalSection(ProjectConfigurationPlatforms) = postSolution
		{822F0702-2CCD-4AFE-B4E1-76CDCD1C5909}.Debug|Any CPU.ActiveCfg = Debug|Any CPU
		{822F0702-2CCD-4AFE-B4E1-76CDCD1C5909}.Debug|Any CPU.Build.0 = Debug|Any CPU
		{822F0702-2CCD-4AFE-B4E1-76CDCD1C5909}.Release|Any CPU.ActiveCfg = Release|Any CPU
		{822F0702-2CCD-4AFE-B4E1-76CDCD1C5909}.Release|Any CPU.Build.0 = Release|Any CPU
		{04288EA6-077D-4250-B4C3-7A0137264E5F}.Debug|Any CPU.ActiveCfg = Debug|Any CPU
		{04288EA6-077D-4250-B4C3-7A0137264E5F}.Debug|Any CPU.Build.0 = Debug|Any CPU
		{04288EA6-077D-4250-B4C3-7A0137264E5F}.Release|Any CPU.ActiveCfg = Release|Any CPU
		{04288EA6-077D-4250-B4C3-7A0137264E5F}.Release|Any CPU.Build.0 = Release|Any CPU
	EndGlobalSection
	GlobalSection(SolutionProperties) = preSolution
		HideSolutionNode = FALSE
	EndGlobalSection
	GlobalSection(ExtensibilityGlobals) = postSolution
		SolutionGuid = {C144E1A3-FAB2-4BCF-9693-F53055FB7BE1}
	EndGlobalSection
EndGlobal
